
Microsoft Visual Studio Solution File, Format Version 12.00
# Visual Studio Version 16
VisualStudioVersion = 16.0.31129.286
MinimumVisualStudioVersion = 10.0.40219.1
Project("{2150E333-8FDC-42A3-9474-1A3956D46DE8}") = "Domain", "Domain", "{8D54F5DF-B9C5-4F85-9596-F6D98566082E}"
EndProject
Project("{2150E333-8FDC-42A3-9474-1A3956D46DE8}") = "Infra.Bus", "Infra.Bus", "{64939C91-5EA0-4B6C-A406-1849E1817013}"
EndProject
Project("{2150E333-8FDC-42A3-9474-1A3956D46DE8}") = "Infra.IoC", "Infra.IoC", "{635372B4-B82C-4FAD-AAF9-717CB9DBEEFD}"
EndProject
Project("{2150E333-8FDC-42A3-9474-1A3956D46DE8}") = "Microservices", "Microservices", "{E38061E8-CACA-49F8-9B6D-E69B19F32F62}"
EndProject
Project("{2150E333-8FDC-42A3-9474-1A3956D46DE8}") = "Presentation", "Presentation", "{B4234B70-2D3A-4373-9089-AECBE0CEC6B8}"
EndProject
Project("{9A19103F-16F7-4668-BE54-9A1E7A4F7556}") = "MicroRabbit.Domain.Core", "MicroRabbit.Domain.Core\MicroRabbit.Domain.Core.csproj", "{86393D74-6D1D-4FCA-AA36-F38C2F75349D}"
EndProject
Project("{9A19103F-16F7-4668-BE54-9A1E7A4F7556}") = "MicroRabbit.Infra.Bus", "MicroRabbit.Infra.Bus\MicroRabbit.Infra.Bus.csproj", "{89DC35A6-8A94-4B0F-8CCF-EFC0ACBE6D00}"
EndProject
Project("{9A19103F-16F7-4668-BE54-9A1E7A4F7556}") = "MicroRabbit.Infra.IoC", "MicroRabbit.Infra.IoC\MicroRabbit.Infra.IoC.csproj", "{ECFCC182-6D48-4A18-A94E-B870866E9120}"
EndProject
Project("{2150E333-8FDC-42A3-9474-1A3956D46DE8}") = "Banking", "Banking", "{BA299BE8-BE3F-416E-83D7-18E07A854EFE}"
EndProject
Project("{2150E333-8FDC-42A3-9474-1A3956D46DE8}") = "Api", "Api", "{E8453528-E958-4E6E-97DF-906BB5A589AC}"
EndProject
Project("{2150E333-8FDC-42A3-9474-1A3956D46DE8}") = "Application", "Application", "{63B84EC8-4912-4F5D-91BF-90DC284C402B}"
EndProject
Project("{2150E333-8FDC-42A3-9474-1A3956D46DE8}") = "Data", "Data", "{4A4C1834-8CA7-4CD5-AFC6-AAFD26F42E45}"
EndProject
Project("{2150E333-8FDC-42A3-9474-1A3956D46DE8}") = "Domain", "Domain", "{67A5A507-0E13-4540-843D-A559F2D93003}"
EndProject
Project("{FAE04EC0-301F-11D3-BF4B-00C04F79EFBC}") = "MicroRabbit.Banking.Api", "MicroRabbit.Banking.Api\MicroRabbit.Banking.Api.csproj", "{F1BDECB2-8D8A-4AD8-AE44-8A75B4CD2E10}"
EndProject
Project("{FAE04EC0-301F-11D3-BF4B-00C04F79EFBC}") = "MicroRabbit.Banking.Application", "MicroRabbit.Banking.Application\MicroRabbit.Banking.Application.csproj", "{28202E2B-65DA-43DB-8604-E5CA84FBEAA8}"
EndProject
Project("{FAE04EC0-301F-11D3-BF4B-00C04F79EFBC}") = "MicroRabbit.Banking.Data", "MicroRabbit.Banking.Data\MicroRabbit.Banking.Data.csproj", "{0F7C11ED-FCD5-4F06-8FEC-CA8D21D9B7F8}"
EndProject
Project("{FAE04EC0-301F-11D3-BF4B-00C04F79EFBC}") = "MicroRabbit.Banking.Domain", "MicroRabbit.Banking.Domain\MicroRabbit.Banking.Domain.csproj", "{0F23D37C-FABB-4A0F-B791-108509DFF1A3}"
EndProject
Global
	GlobalSection(SolutionConfigurationPlatforms) = preSolution
		Debug|Any CPU = Debug|Any CPU
		Release|Any CPU = Release|Any CPU
	EndGlobalSection
	GlobalSection(ProjectConfigurationPlatforms) = postSolution
		{86393D74-6D1D-4FCA-AA36-F38C2F75349D}.Debug|Any CPU.ActiveCfg = Debug|Any CPU
		{86393D74-6D1D-4FCA-AA36-F38C2F75349D}.Debug|Any CPU.Build.0 = Debug|Any CPU
		{86393D74-6D1D-4FCA-AA36-F38C2F75349D}.Release|Any CPU.ActiveCfg = Release|Any CPU
		{86393D74-6D1D-4FCA-AA36-F38C2F75349D}.Release|Any CPU.Build.0 = Release|Any CPU
		{89DC35A6-8A94-4B0F-8CCF-EFC0ACBE6D00}.Debug|Any CPU.ActiveCfg = Debug|Any CPU
		{89DC35A6-8A94-4B0F-8CCF-EFC0ACBE6D00}.Debug|Any CPU.Build.0 = Debug|Any CPU
		{89DC35A6-8A94-4B0F-8CCF-EFC0ACBE6D00}.Release|Any CPU.ActiveCfg = Release|Any CPU
		{89DC35A6-8A94-4B0F-8CCF-EFC0ACBE6D00}.Release|Any CPU.Build.0 = Release|Any CPU
		{ECFCC182-6D48-4A18-A94E-B870866E9120}.Debug|Any CPU.ActiveCfg = Debug|Any CPU
		{ECFCC182-6D48-4A18-A94E-B870866E9120}.Debug|Any CPU.Build.0 = Debug|Any CPU
		{ECFCC182-6D48-4A18-A94E-B870866E9120}.Release|Any CPU.ActiveCfg = Release|Any CPU
		{ECFCC182-6D48-4A18-A94E-B870866E9120}.Release|Any CPU.Build.0 = Release|Any CPU
		{F1BDECB2-8D8A-4AD8-AE44-8A75B4CD2E10}.Debug|Any CPU.ActiveCfg = Debug|Any CPU
		{F1BDECB2-8D8A-4AD8-AE44-8A75B4CD2E10}.Debug|Any CPU.Build.0 = Debug|Any CPU
		{F1BDECB2-8D8A-4AD8-AE44-8A75B4CD2E10}.Release|Any CPU.ActiveCfg = Release|Any CPU
		{F1BDECB2-8D8A-4AD8-AE44-8A75B4CD2E10}.Release|Any CPU.Build.0 = Release|Any CPU
		{28202E2B-65DA-43DB-8604-E5CA84FBEAA8}.Debug|Any CPU.ActiveCfg = Debug|Any CPU
		{28202E2B-65DA-43DB-8604-E5CA84FBEAA8}.Debug|Any CPU.Build.0 = Debug|Any CPU
		{28202E2B-65DA-43DB-8604-E5CA84FBEAA8}.Release|Any CPU.ActiveCfg = Release|Any CPU
		{28202E2B-65DA-43DB-8604-E5CA84FBEAA8}.Release|Any CPU.Build.0 = Release|Any CPU
		{0F7C11ED-FCD5-4F06-8FEC-CA8D21D9B7F8}.Debug|Any CPU.ActiveCfg = Debug|Any CPU
		{0F7C11ED-FCD5-4F06-8FEC-CA8D21D9B7F8}.Debug|Any CPU.Build.0 = Debug|Any CPU
		{0F7C11ED-FCD5-4F06-8FEC-CA8D21D9B7F8}.Release|Any CPU.ActiveCfg = Release|Any CPU
		{0F7C11ED-FCD5-4F06-8FEC-CA8D21D9B7F8}.Release|Any CPU.Build.0 = Release|Any CPU
		{0F23D37C-FABB-4A0F-B791-108509DFF1A3}.Debug|Any CPU.ActiveCfg = Debug|Any CPU
		{0F23D37C-FABB-4A0F-B791-108509DFF1A3}.Debug|Any CPU.Build.0 = Debug|Any CPU
		{0F23D37C-FABB-4A0F-B791-108509DFF1A3}.Release|Any CPU.ActiveCfg = Release|Any CPU
		{0F23D37C-FABB-4A0F-B791-108509DFF1A3}.Release|Any CPU.Build.0 = Release|Any CPU
	EndGlobalSection
	GlobalSection(SolutionProperties) = preSolution
		HideSolutionNode = FALSE
	EndGlobalSection
	GlobalSection(NestedProjects) = preSolution
		{86393D74-6D1D-4FCA-AA36-F38C2F75349D} = {8D54F5DF-B9C5-4F85-9596-F6D98566082E}
		{89DC35A6-8A94-4B0F-8CCF-EFC0ACBE6D00} = {64939C91-5EA0-4B6C-A406-1849E1817013}
		{ECFCC182-6D48-4A18-A94E-B870866E9120} = {635372B4-B82C-4FAD-AAF9-717CB9DBEEFD}
		{BA299BE8-BE3F-416E-83D7-18E07A854EFE} = {E38061E8-CACA-49F8-9B6D-E69B19F32F62}
		{E8453528-E958-4E6E-97DF-906BB5A589AC} = {BA299BE8-BE3F-416E-83D7-18E07A854EFE}
		{63B84EC8-4912-4F5D-91BF-90DC284C402B} = {BA299BE8-BE3F-416E-83D7-18E07A854EFE}
		{4A4C1834-8CA7-4CD5-AFC6-AAFD26F42E45} = {BA299BE8-BE3F-416E-83D7-18E07A854EFE}
		{67A5A507-0E13-4540-843D-A559F2D93003} = {BA299BE8-BE3F-416E-83D7-18E07A854EFE}
		{F1BDECB2-8D8A-4AD8-AE44-8A75B4CD2E10} = {E8453528-E958-4E6E-97DF-906BB5A589AC}
		{28202E2B-65DA-43DB-8604-E5CA84FBEAA8} = {63B84EC8-4912-4F5D-91BF-90DC284C402B}
		{0F7C11ED-FCD5-4F06-8FEC-CA8D21D9B7F8} = {4A4C1834-8CA7-4CD5-AFC6-AAFD26F42E45}
		{0F23D37C-FABB-4A0F-B791-108509DFF1A3} = {67A5A507-0E13-4540-843D-A559F2D93003}
	EndGlobalSection
	GlobalSection(ExtensibilityGlobals) = postSolution
		SolutionGuid = {4345DC04-10BD-4B18-8DE9-EC2B1C990C6A}
	EndGlobalSection
EndGlobal
